
Microsoft Visual Studio Solution File, Format Version 12.00
# Visual Studio Version 16
VisualStudioVersion = 16.0.30320.27
MinimumVisualStudioVersion = 10.0.40219.1
Project("{FAE04EC0-301F-11D3-BF4B-00C04F79EFBC}") = "PersonalFinanceMgmtApp", "PersonalFinanceMgmtApp.csproj", "{0684A632-2989-43D1-B3DF-F45B41772731}"
EndProject
Global
	GlobalSection(SolutionConfigurationPlatforms) = preSolution
		Debug|Any CPU = Debug|Any CPU
		Release|Any CPU = Release|Any CPU
	EndGlobalSection
	GlobalSection(ProjectConfigurationPlatforms) = postSolution
		{0684A632-2989-43D1-B3DF-F45B41772731}.Debug|Any CPU.ActiveCfg = Debug|Any CPU
		{0684A632-2989-43D1-B3DF-F45B41772731}.Debug|Any CPU.Build.0 = Debug|Any CPU
		{0684A632-2989-43D1-B3DF-F45B41772731}.Release|Any CPU.ActiveCfg = Release|Any CPU
		{0684A632-2989-43D1-B3DF-F45B41772731}.Release|Any CPU.Build.0 = Release|Any CPU
	EndGlobalSection
	GlobalSection(SolutionProperties) = preSolution
		HideSolutionNode = FALSE
	EndGlobalSection
	GlobalSection(ExtensibilityGlobals) = postSolution
		SolutionGuid = {D6A7C592-5AFC-4159-BE2B-F0BAF2A9DDD2}
	EndGlobalSection
EndGlobal
